// !$*UTF8*$!
{
	archiveVersion = 1;
	classes = {
	};
	objectVersion = 48;
	objects = {

/* Begin PBXBuildFile section */
		52AEEF431FC86E5E00C77C9F /* AppDelegate.swift in Sources */ = {isa = PBXBuildFile; fileRef = 52AEEF421FC86E5E00C77C9F /* AppDelegate.swift */; };
		52AEEF451FC86E5E00C77C9F /* ViewController.swift in Sources */ = {isa = PBXBuildFile; fileRef = 52AEEF441FC86E5E00C77C9F /* ViewController.swift */; };
		52AEEF481FC86E5E00C77C9F /* Main.storyboard in Resources */ = {isa = PBXBuildFile; fileRef = 52AEEF461FC86E5E00C77C9F /* Main.storyboard */; };
		52AEEF4A1FC86E5E00C77C9F /* Assets.xcassets in Resources */ = {isa = PBXBuildFile; fileRef = 52AEEF491FC86E5E00C77C9F /* Assets.xcassets */; };
		52AEEF4D1FC86E5E00C77C9F /* LaunchScreen.storyboard in Resources */ = {isa = PBXBuildFile; fileRef = 52AEEF4B1FC86E5E00C77C9F /* LaunchScreen.storyboard */; };
		52AEEF581FC86E5E00C77C9F /* cours_13Tests.swift in Sources */ = {isa = PBXBuildFile; fileRef = 52AEEF571FC86E5E00C77C9F /* cours_13Tests.swift */; };
		52AEEF631FC86E5E00C77C9F /* cours_13UITests.swift in Sources */ = {isa = PBXBuildFile; fileRef = 52AEEF621FC86E5E00C77C9F /* cours_13UITests.swift */; };
		52AEEF711FC86F5300C77C9F /* UserDefaultsManager.swift in Sources */ = {isa = PBXBuildFile; fileRef = 52AEEF701FC86F5300C77C9F /* UserDefaultsManager.swift */; };
		52AEEF731FC873F000C77C9F /* GrandeController.swift in Sources */ = {isa = PBXBuildFile; fileRef = 52AEEF721FC873F000C77C9F /* GrandeController.swift */; };
		65909E321FCEFC2800D1D3EC /* Affichage.png in Resources */ = {isa = PBXBuildFile; fileRef = 65909E2C1FCEFC2700D1D3EC /* Affichage.png */; };
		65909E331FCEFC2800D1D3EC /* Add Student.png in Resources */ = {isa = PBXBuildFile; fileRef = 65909E2D1FCEFC2700D1D3EC /* Add Student.png */; };
		65909E341FCEFC2800D1D3EC /* LOGOCONCORDIA.png in Resources */ = {isa = PBXBuildFile; fileRef = 65909E2E1FCEFC2700D1D3EC /* LOGOCONCORDIA.png */; };
		65909E351FCEFC2800D1D3EC /* Retour.png in Resources */ = {isa = PBXBuildFile; fileRef = 65909E2F1FCEFC2700D1D3EC /* Retour.png */; };
		65909E361FCEFC2800D1D3EC /* Add Course and Grande.png in Resources */ = {isa = PBXBuildFile; fileRef = 65909E301FCEFC2700D1D3EC /* Add Course and Grande.png */; };
		65909E371FCEFC2800D1D3EC /* NOM.png in Resources */ = {isa = PBXBuildFile; fileRef = 65909E311FCEFC2700D1D3EC /* NOM.png */; };
		65EB14091FCF18BA001E8F2C /* Champagne & Limousines Italic.ttf in Resources */ = {isa = PBXBuildFile; fileRef = 65EB14071FCF18B9001E8F2C /* Champagne & Limousines Italic.ttf */; };
		65EB140A1FCF18BA001E8F2C /* Champagne & Limousines.ttf in Resources */ = {isa = PBXBuildFile; fileRef = 65EB14081FCF18B9001E8F2C /* Champagne & Limousines.ttf */; };
		65EB140D1FCF1E77001E8F2C /* jaune vide.png in Resources */ = {isa = PBXBuildFile; fileRef = 65EB140B1FCF1E77001E8F2C /* jaune vide.png */; };
		65EB140E1FCF1E77001E8F2C /* vide Rouge.png in Resources */ = {isa = PBXBuildFile; fileRef = 65EB140C1FCF1E77001E8F2C /* vide Rouge.png */; };
		65FEEA381FCF5E790051C71B /* Evaluation+3.png in Resources */ = {isa = PBXBuildFile; fileRef = 65FEEA371FCF5E790051C71B /* Evaluation+3.png */; };
		65FEEA581FCF9D530051C71B /* Icon-100.png in Resources */ = {isa = PBXBuildFile; fileRef = 65FEEA3A1FCF9D510051C71B /* Icon-100.png */; };
		65FEEA591FCF9D530051C71B /* Icon-88.png in Resources */ = {isa = PBXBuildFile; fileRef = 65FEEA3B1FCF9D510051C71B /* Icon-88.png */; };
		65FEEA5A1FCF9D530051C71B /* Icon-167.png in Resources */ = {isa = PBXBuildFile; fileRef = 65FEEA3C1FCF9D510051C71B /* Icon-167.png */; };
		65FEEA5B1FCF9D530051C71B /* Icon-50.png in Resources */ = {isa = PBXBuildFile; fileRef = 65FEEA3D1FCF9D510051C71B /* Icon-50.png */; };
		65FEEA5C1FCF9D530051C71B /* Icon-180.png in Resources */ = {isa = PBXBuildFile; fileRef = 65FEEA3E1FCF9D510051C71B /* Icon-180.png */; };
		65FEEA5D1FCF9D530051C71B /* Icon-64.png in Resources */ = {isa = PBXBuildFile; fileRef = 65FEEA3F1FCF9D510051C71B /* Icon-64.png */; };
		65FEEA5E1FCF9D530051C71B /* Icon-57.png in Resources */ = {isa = PBXBuildFile; fileRef = 65FEEA401FCF9D510051C71B /* Icon-57.png */; };
		65FEEA5F1FCF9D530051C71B /* Icon-1024.png in Resources */ = {isa = PBXBuildFile; fileRef = 65FEEA411FCF9D510051C71B /* Icon-1024.png */; };
		65FEEA601FCF9D530051C71B /* Icon-114.png in Resources */ = {isa = PBXBuildFile; fileRef = 65FEEA421FCF9D510051C71B /* Icon-114.png */; };
		65FEEA611FCF9D530051C71B /* Icon-60.png in Resources */ = {isa = PBXBuildFile; fileRef = 65FEEA431FCF9D510051C71B /* Icon-60.png */; };
		65FEEA621FCF9D530051C71B /* Icon-256.png in Resources */ = {isa = PBXBuildFile; fileRef = 65FEEA441FCF9D510051C71B /* Icon-256.png */; };
		65FEEA631FCF9D530051C71B /* Icon-55.png in Resources */ = {isa = PBXBuildFile; fileRef = 65FEEA451FCF9D510051C71B /* Icon-55.png */; };
		65FEEA641FCF9D530051C71B /* Icon-152.png in Resources */ = {isa = PBXBuildFile; fileRef = 65FEEA461FCF9D510051C71B /* Icon-152.png */; };
		65FEEA651FCF9D530051C71B /* Icon-20.png in Resources */ = {isa = PBXBuildFile; fileRef = 65FEEA471FCF9D510051C71B /* Icon-20.png */; };
		65FEEA661FCF9D530051C71B /* Icon-120.png in Resources */ = {isa = PBXBuildFile; fileRef = 65FEEA481FCF9D510051C71B /* Icon-120.png */; };
		65FEEA671FCF9D530051C71B /* Icon-512.png in Resources */ = {isa = PBXBuildFile; fileRef = 65FEEA491FCF9D510051C71B /* Icon-512.png */; };
		65FEEA681FCF9D530051C71B /* Icon-58.png in Resources */ = {isa = PBXBuildFile; fileRef = 65FEEA4A1FCF9D520051C71B /* Icon-58.png */; };
		65FEEA691FCF9D530051C71B /* Icon-172.png in Resources */ = {isa = PBXBuildFile; fileRef = 65FEEA4B1FCF9D520051C71B /* Icon-172.png */; };
		65FEEA6A1FCF9D530051C71B /* Icon-196.png in Resources */ = {isa = PBXBuildFile; fileRef = 65FEEA4C1FCF9D520051C71B /* Icon-196.png */; };
		65FEEA6B1FCF9D530051C71B /* Icon-76.png in Resources */ = {isa = PBXBuildFile; fileRef = 65FEEA4D1FCF9D520051C71B /* Icon-76.png */; };
		65FEEA6C1FCF9D530051C71B /* Icon-80.png in Resources */ = {isa = PBXBuildFile; fileRef = 65FEEA4E1FCF9D520051C71B /* Icon-80.png */; };
		65FEEA6D1FCF9D530051C71B /* Icon-87.png in Resources */ = {isa = PBXBuildFile; fileRef = 65FEEA4F1FCF9D520051C71B /* Icon-87.png */; };
		65FEEA6E1FCF9D530051C71B /* Icon-128.png in Resources */ = {isa = PBXBuildFile; fileRef = 65FEEA501FCF9D520051C71B /* Icon-128.png */; };
		65FEEA6F1FCF9D530051C71B /* Icon-144.png in Resources */ = {isa = PBXBuildFile; fileRef = 65FEEA511FCF9D520051C71B /* Icon-144.png */; };
		65FEEA701FCF9D530051C71B /* Icon-16.png in Resources */ = {isa = PBXBuildFile; fileRef = 65FEEA521FCF9D520051C71B /* Icon-16.png */; };
		65FEEA711FCF9D530051C71B /* Icon-32.png in Resources */ = {isa = PBXBuildFile; fileRef = 65FEEA531FCF9D520051C71B /* Icon-32.png */; };
		65FEEA721FCF9D530051C71B /* Icon-40.png in Resources */ = {isa = PBXBuildFile; fileRef = 65FEEA541FCF9D530051C71B /* Icon-40.png */; };
		65FEEA731FCF9D530051C71B /* Icon-48.png in Resources */ = {isa = PBXBuildFile; fileRef = 65FEEA551FCF9D530051C71B /* Icon-48.png */; };
		65FEEA741FCF9D530051C71B /* Icon-72.png in Resources */ = {isa = PBXBuildFile; fileRef = 65FEEA561FCF9D530051C71B /* Icon-72.png */; };
		65FEEA751FCF9D530051C71B /* Icon-29.png in Resources */ = {isa = PBXBuildFile; fileRef = 65FEEA571FCF9D530051C71B /* Icon-29.png */; };
/* End PBXBuildFile section */

/* Begin PBXContainerItemProxy section */
		52AEEF541FC86E5E00C77C9F /* PBXContainerItemProxy */ = {
			isa = PBXContainerItemProxy;
			containerPortal = 52AEEF371FC86E5E00C77C9F /* Project object */;
			proxyType = 1;
			remoteGlobalIDString = 52AEEF3E1FC86E5E00C77C9F;
			remoteInfo = cours_13;
		};
		52AEEF5F1FC86E5E00C77C9F /* PBXContainerItemProxy */ = {
			isa = PBXContainerItemProxy;
			containerPortal = 52AEEF371FC86E5E00C77C9F /* Project object */;
			proxyType = 1;
			remoteGlobalIDString = 52AEEF3E1FC86E5E00C77C9F;
			remoteInfo = cours_13;
		};
/* End PBXContainerItemProxy section */

/* Begin PBXFileReference section */
		52AEEF3F1FC86E5E00C77C9F /* cours_13.app */ = {isa = PBXFileReference; explicitFileType = wrapper.application; includeInIndex = 0; path = cours_13.app; sourceTree = BUILT_PRODUCTS_DIR; };
		52AEEF421FC86E5E00C77C9F /* AppDelegate.swift */ = {isa = PBXFileReference; lastKnownFileType = sourcecode.swift; path = AppDelegate.swift; sourceTree = "<group>"; };
		52AEEF441FC86E5E00C77C9F /* ViewController.swift */ = {isa = PBXFileReference; lastKnownFileType = sourcecode.swift; path = ViewController.swift; sourceTree = "<group>"; };
		52AEEF471FC86E5E00C77C9F /* Base */ = {isa = PBXFileReference; lastKnownFileType = file.storyboard; name = Base; path = Base.lproj/Main.storyboard; sourceTree = "<group>"; };
		52AEEF491FC86E5E00C77C9F /* Assets.xcassets */ = {isa = PBXFileReference; lastKnownFileType = folder.assetcatalog; path = Assets.xcassets; sourceTree = "<group>"; };
		52AEEF4C1FC86E5E00C77C9F /* Base */ = {isa = PBXFileReference; lastKnownFileType = file.storyboard; name = Base; path = Base.lproj/LaunchScreen.storyboard; sourceTree = "<group>"; };
		52AEEF4E1FC86E5E00C77C9F /* Info.plist */ = {isa = PBXFileReference; lastKnownFileType = text.plist.xml; path = Info.plist; sourceTree = "<group>"; };
		52AEEF531FC86E5E00C77C9F /* cours_13Tests.xctest */ = {isa = PBXFileReference; explicitFileType = wrapper.cfbundle; includeInIndex = 0; path = cours_13Tests.xctest; sourceTree = BUILT_PRODUCTS_DIR; };
		52AEEF571FC86E5E00C77C9F /* cours_13Tests.swift */ = {isa = PBXFileReference; lastKnownFileType = sourcecode.swift; path = cours_13Tests.swift; sourceTree = "<group>"; };
		52AEEF591FC86E5E00C77C9F /* Info.plist */ = {isa = PBXFileReference; lastKnownFileType = text.plist.xml; path = Info.plist; sourceTree = "<group>"; };
		52AEEF5E1FC86E5E00C77C9F /* cours_13UITests.xctest */ = {isa = PBXFileReference; explicitFileType = wrapper.cfbundle; includeInIndex = 0; path = cours_13UITests.xctest; sourceTree = BUILT_PRODUCTS_DIR; };
		52AEEF621FC86E5E00C77C9F /* cours_13UITests.swift */ = {isa = PBXFileReference; lastKnownFileType = sourcecode.swift; path = cours_13UITests.swift; sourceTree = "<group>"; };
		52AEEF641FC86E5E00C77C9F /* Info.plist */ = {isa = PBXFileReference; lastKnownFileType = text.plist.xml; path = Info.plist; sourceTree = "<group>"; };
		52AEEF701FC86F5300C77C9F /* UserDefaultsManager.swift */ = {isa = PBXFileReference; fileEncoding = 4; lastKnownFileType = sourcecode.swift; path = UserDefaultsManager.swift; sourceTree = "<group>"; };
		52AEEF721FC873F000C77C9F /* GrandeController.swift */ = {isa = PBXFileReference; lastKnownFileType = sourcecode.swift; path = GrandeController.swift; sourceTree = "<group>"; };
		65909E2C1FCEFC2700D1D3EC /* Affichage.png */ = {isa = PBXFileReference; lastKnownFileType = image.png; path = Affichage.png; sourceTree = "<group>"; };
		65909E2D1FCEFC2700D1D3EC /* Add Student.png */ = {isa = PBXFileReference; lastKnownFileType = image.png; path = "Add Student.png"; sourceTree = "<group>"; };
		65909E2E1FCEFC2700D1D3EC /* LOGOCONCORDIA.png */ = {isa = PBXFileReference; lastKnownFileType = image.png; path = LOGOCONCORDIA.png; sourceTree = "<group>"; };
		65909E2F1FCEFC2700D1D3EC /* Retour.png */ = {isa = PBXFileReference; lastKnownFileType = image.png; path = Retour.png; sourceTree = "<group>"; };
		65909E301FCEFC2700D1D3EC /* Add Course and Grande.png */ = {isa = PBXFileReference; lastKnownFileType = image.png; path = "Add Course and Grande.png"; sourceTree = "<group>"; };
		65909E311FCEFC2700D1D3EC /* NOM.png */ = {isa = PBXFileReference; lastKnownFileType = image.png; path = NOM.png; sourceTree = "<group>"; };
		65EB14071FCF18B9001E8F2C /* Champagne & Limousines Italic.ttf */ = {isa = PBXFileReference; lastKnownFileType = file; path = "Champagne & Limousines Italic.ttf"; sourceTree = "<group>"; };
		65EB14081FCF18B9001E8F2C /* Champagne & Limousines.ttf */ = {isa = PBXFileReference; lastKnownFileType = file; path = "Champagne & Limousines.ttf"; sourceTree = "<group>"; };
		65EB140B1FCF1E77001E8F2C /* jaune vide.png */ = {isa = PBXFileReference; lastKnownFileType = image.png; path = "jaune vide.png"; sourceTree = "<group>"; };
		65EB140C1FCF1E77001E8F2C /* vide Rouge.png */ = {isa = PBXFileReference; lastKnownFileType = image.png; path = "vide Rouge.png"; sourceTree = "<group>"; };
		65FEEA371FCF5E790051C71B /* Evaluation+3.png */ = {isa = PBXFileReference; lastKnownFileType = image.png; path = "Evaluation+3.png"; sourceTree = "<group>"; };
		65FEEA3A1FCF9D510051C71B /* Icon-100.png */ = {isa = PBXFileReference; lastKnownFileType = image.png; path = "Icon-100.png"; sourceTree = "<group>"; };
		65FEEA3B1FCF9D510051C71B /* Icon-88.png */ = {isa = PBXFileReference; lastKnownFileType = image.png; path = "Icon-88.png"; sourceTree = "<group>"; };
		65FEEA3C1FCF9D510051C71B /* Icon-167.png */ = {isa = PBXFileReference; lastKnownFileType = image.png; path = "Icon-167.png"; sourceTree = "<group>"; };
		65FEEA3D1FCF9D510051C71B /* Icon-50.png */ = {isa = PBXFileReference; lastKnownFileType = image.png; path = "Icon-50.png"; sourceTree = "<group>"; };
		65FEEA3E1FCF9D510051C71B /* Icon-180.png */ = {isa = PBXFileReference; lastKnownFileType = image.png; path = "Icon-180.png"; sourceTree = "<group>"; };
		65FEEA3F1FCF9D510051C71B /* Icon-64.png */ = {isa = PBXFileReference; lastKnownFileType = image.png; path = "Icon-64.png"; sourceTree = "<group>"; };
		65FEEA401FCF9D510051C71B /* Icon-57.png */ = {isa = PBXFileReference; lastKnownFileType = image.png; path = "Icon-57.png"; sourceTree = "<group>"; };
		65FEEA411FCF9D510051C71B /* Icon-1024.png */ = {isa = PBXFileReference; lastKnownFileType = image.png; path = "Icon-1024.png"; sourceTree = "<group>"; };
		65FEEA421FCF9D510051C71B /* Icon-114.png */ = {isa = PBXFileReference; lastKnownFileType = image.png; path = "Icon-114.png"; sourceTree = "<group>"; };
		65FEEA431FCF9D510051C71B /* Icon-60.png */ = {isa = PBXFileReference; lastKnownFileType = image.png; path = "Icon-60.png"; sourceTree = "<group>"; };
		65FEEA441FCF9D510051C71B /* Icon-256.png */ = {isa = PBXFileReference; lastKnownFileType = image.png; path = "Icon-256.png"; sourceTree = "<group>"; };
		65FEEA451FCF9D510051C71B /* Icon-55.png */ = {isa = PBXFileReference; lastKnownFileType = image.png; path = "Icon-55.png"; sourceTree = "<group>"; };
		65FEEA461FCF9D510051C71B /* Icon-152.png */ = {isa = PBXFileReference; lastKnownFileType = image.png; path = "Icon-152.png"; sourceTree = "<group>"; };
		65FEEA471FCF9D510051C71B /* Icon-20.png */ = {isa = PBXFileReference; lastKnownFileType = image.png; path = "Icon-20.png"; sourceTree = "<group>"; };
		65FEEA481FCF9D510051C71B /* Icon-120.png */ = {isa = PBXFileReference; lastKnownFileType = image.png; path = "Icon-120.png"; sourceTree = "<group>"; };
		65FEEA491FCF9D510051C71B /* Icon-512.png */ = {isa = PBXFileReference; lastKnownFileType = image.png; path = "Icon-512.png"; sourceTree = "<group>"; };
		65FEEA4A1FCF9D520051C71B /* Icon-58.png */ = {isa = PBXFileReference; lastKnownFileType = image.png; path = "Icon-58.png"; sourceTree = "<group>"; };
		65FEEA4B1FCF9D520051C71B /* Icon-172.png */ = {isa = PBXFileReference; lastKnownFileType = image.png; path = "Icon-172.png"; sourceTree = "<group>"; };
		65FEEA4C1FCF9D520051C71B /* Icon-196.png */ = {isa = PBXFileReference; lastKnownFileType = image.png; path = "Icon-196.png"; sourceTree = "<group>"; };
		65FEEA4D1FCF9D520051C71B /* Icon-76.png */ = {isa = PBXFileReference; lastKnownFileType = image.png; path = "Icon-76.png"; sourceTree = "<group>"; };
		65FEEA4E1FCF9D520051C71B /* Icon-80.png */ = {isa = PBXFileReference; lastKnownFileType = image.png; path = "Icon-80.png"; sourceTree = "<group>"; };
		65FEEA4F1FCF9D520051C71B /* Icon-87.png */ = {isa = PBXFileReference; lastKnownFileType = image.png; path = "Icon-87.png"; sourceTree = "<group>"; };
		65FEEA501FCF9D520051C71B /* Icon-128.png */ = {isa = PBXFileReference; lastKnownFileType = image.png; path = "Icon-128.png"; sourceTree = "<group>"; };
		65FEEA511FCF9D520051C71B /* Icon-144.png */ = {isa = PBXFileReference; lastKnownFileType = image.png; path = "Icon-144.png"; sourceTree = "<group>"; };
		65FEEA521FCF9D520051C71B /* Icon-16.png */ = {isa = PBXFileReference; lastKnownFileType = image.png; path = "Icon-16.png"; sourceTree = "<group>"; };
		65FEEA531FCF9D520051C71B /* Icon-32.png */ = {isa = PBXFileReference; lastKnownFileType = image.png; path = "Icon-32.png"; sourceTree = "<group>"; };
		65FEEA541FCF9D530051C71B /* Icon-40.png */ = {isa = PBXFileReference; lastKnownFileType = image.png; path = "Icon-40.png"; sourceTree = "<group>"; };
		65FEEA551FCF9D530051C71B /* Icon-48.png */ = {isa = PBXFileReference; lastKnownFileType = image.png; path = "Icon-48.png"; sourceTree = "<group>"; };
		65FEEA561FCF9D530051C71B /* Icon-72.png */ = {isa = PBXFileReference; lastKnownFileType = image.png; path = "Icon-72.png"; sourceTree = "<group>"; };
		65FEEA571FCF9D530051C71B /* Icon-29.png */ = {isa = PBXFileReference; lastKnownFileType = image.png; path = "Icon-29.png"; sourceTree = "<group>"; };
/* End PBXFileReference section */

/* Begin PBXFrameworksBuildPhase section */
		52AEEF3C1FC86E5E00C77C9F /* Frameworks */ = {
			isa = PBXFrameworksBuildPhase;
			buildActionMask = 2147483647;
			files = (
			);
			runOnlyForDeploymentPostprocessing = 0;
		};
		52AEEF501FC86E5E00C77C9F /* Frameworks */ = {
			isa = PBXFrameworksBuildPhase;
			buildActionMask = 2147483647;
			files = (
			);
			runOnlyForDeploymentPostprocessing = 0;
		};
		52AEEF5B1FC86E5E00C77C9F /* Frameworks */ = {
			isa = PBXFrameworksBuildPhase;
			buildActionMask = 2147483647;
			files = (
			);
			runOnlyForDeploymentPostprocessing = 0;
		};
/* End PBXFrameworksBuildPhase section */

/* Begin PBXGroup section */
		52AEEF361FC86E5E00C77C9F = {
			isa = PBXGroup;
			children = (
				52AEEF411FC86E5E00C77C9F /* cours_13 */,
				52AEEF561FC86E5E00C77C9F /* cours_13Tests */,
				52AEEF611FC86E5E00C77C9F /* cours_13UITests */,
				52AEEF401FC86E5E00C77C9F /* Products */,
			);
			sourceTree = "<group>";
		};
		52AEEF401FC86E5E00C77C9F /* Products */ = {
			isa = PBXGroup;
			children = (
				52AEEF3F1FC86E5E00C77C9F /* cours_13.app */,
				52AEEF531FC86E5E00C77C9F /* cours_13Tests.xctest */,
				52AEEF5E1FC86E5E00C77C9F /* cours_13UITests.xctest */,
			);
			name = Products;
			sourceTree = "<group>";
		};
		52AEEF411FC86E5E00C77C9F /* cours_13 */ = {
			isa = PBXGroup;
			children = (
				65EB14061FCF1895001E8F2C /* Fonts */,
				65909E2B1FCEFB5900D1D3EC /* images */,
				52AEEF701FC86F5300C77C9F /* UserDefaultsManager.swift */,
				52AEEF421FC86E5E00C77C9F /* AppDelegate.swift */,
				52AEEF441FC86E5E00C77C9F /* ViewController.swift */,
				52AEEF721FC873F000C77C9F /* GrandeController.swift */,
				52AEEF461FC86E5E00C77C9F /* Main.storyboard */,
				52AEEF491FC86E5E00C77C9F /* Assets.xcassets */,
				52AEEF4B1FC86E5E00C77C9F /* LaunchScreen.storyboard */,
				52AEEF4E1FC86E5E00C77C9F /* Info.plist */,
			);
			path = cours_13;
			sourceTree = "<group>";
		};
		52AEEF561FC86E5E00C77C9F /* cours_13Tests */ = {
			isa = PBXGroup;
			children = (
				52AEEF571FC86E5E00C77C9F /* cours_13Tests.swift */,
				52AEEF591FC86E5E00C77C9F /* Info.plist */,
			);
			path = cours_13Tests;
			sourceTree = "<group>";
		};
		52AEEF611FC86E5E00C77C9F /* cours_13UITests */ = {
			isa = PBXGroup;
			children = (
				52AEEF621FC86E5E00C77C9F /* cours_13UITests.swift */,
				52AEEF641FC86E5E00C77C9F /* Info.plist */,
			);
			path = cours_13UITests;
			sourceTree = "<group>";
		};
		65909E2B1FCEFB5900D1D3EC /* images */ = {
			isa = PBXGroup;
			children = (
				65FEEA391FCF9D0B0051C71B /* icones */,
				65FEEA371FCF5E790051C71B /* Evaluation+3.png */,
				65EB140B1FCF1E77001E8F2C /* jaune vide.png */,
				65EB140C1FCF1E77001E8F2C /* vide Rouge.png */,
				65909E301FCEFC2700D1D3EC /* Add Course and Grande.png */,
				65909E2D1FCEFC2700D1D3EC /* Add Student.png */,
				65909E2C1FCEFC2700D1D3EC /* Affichage.png */,
				65909E2E1FCEFC2700D1D3EC /* LOGOCONCORDIA.png */,
				65909E311FCEFC2700D1D3EC /* NOM.png */,
				65909E2F1FCEFC2700D1D3EC /* Retour.png */,
			);
			path = images;
			sourceTree = "<group>";
		};
		65EB14061FCF1895001E8F2C /* Fonts */ = {
			isa = PBXGroup;
			children = (
				65EB14071FCF18B9001E8F2C /* Champagne & Limousines Italic.ttf */,
				65EB14081FCF18B9001E8F2C /* Champagne & Limousines.ttf */,
			);
			path = Fonts;
			sourceTree = "<group>";
		};
		65FEEA391FCF9D0B0051C71B /* icones */ = {
			isa = PBXGroup;
			children = (
				65FEEA521FCF9D520051C71B /* Icon-16.png */,
				65FEEA471FCF9D510051C71B /* Icon-20.png */,
				65FEEA571FCF9D530051C71B /* Icon-29.png */,
				65FEEA531FCF9D520051C71B /* Icon-32.png */,
				65FEEA541FCF9D530051C71B /* Icon-40.png */,
				65FEEA551FCF9D530051C71B /* Icon-48.png */,
				65FEEA3D1FCF9D510051C71B /* Icon-50.png */,
				65FEEA451FCF9D510051C71B /* Icon-55.png */,
				65FEEA401FCF9D510051C71B /* Icon-57.png */,
				65FEEA4A1FCF9D520051C71B /* Icon-58.png */,
				65FEEA431FCF9D510051C71B /* Icon-60.png */,
				65FEEA3F1FCF9D510051C71B /* Icon-64.png */,
				65FEEA561FCF9D530051C71B /* Icon-72.png */,
				65FEEA4D1FCF9D520051C71B /* Icon-76.png */,
				65FEEA4E1FCF9D520051C71B /* Icon-80.png */,
				65FEEA4F1FCF9D520051C71B /* Icon-87.png */,
				65FEEA3B1FCF9D510051C71B /* Icon-88.png */,
				65FEEA3A1FCF9D510051C71B /* Icon-100.png */,
				65FEEA421FCF9D510051C71B /* Icon-114.png */,
				65FEEA481FCF9D510051C71B /* Icon-120.png */,
				65FEEA501FCF9D520051C71B /* Icon-128.png */,
				65FEEA511FCF9D520051C71B /* Icon-144.png */,
				65FEEA461FCF9D510051C71B /* Icon-152.png */,
				65FEEA3C1FCF9D510051C71B /* Icon-167.png */,
				65FEEA4B1FCF9D520051C71B /* Icon-172.png */,
				65FEEA3E1FCF9D510051C71B /* Icon-180.png */,
				65FEEA4C1FCF9D520051C71B /* Icon-196.png */,
				65FEEA441FCF9D510051C71B /* Icon-256.png */,
				65FEEA491FCF9D510051C71B /* Icon-512.png */,
				65FEEA411FCF9D510051C71B /* Icon-1024.png */,
			);
			path = icones;
			sourceTree = "<group>";
		};
/* End PBXGroup section */

/* Begin PBXNativeTarget section */
		52AEEF3E1FC86E5E00C77C9F /* cours_13 */ = {
			isa = PBXNativeTarget;
			buildConfigurationList = 52AEEF671FC86E5E00C77C9F /* Build configuration list for PBXNativeTarget "cours_13" */;
			buildPhases = (
				52AEEF3B1FC86E5E00C77C9F /* Sources */,
				52AEEF3C1FC86E5E00C77C9F /* Frameworks */,
				52AEEF3D1FC86E5E00C77C9F /* Resources */,
			);
			buildRules = (
			);
			dependencies = (
			);
			name = cours_13;
			productName = cours_13;
			productReference = 52AEEF3F1FC86E5E00C77C9F /* cours_13.app */;
			productType = "com.apple.product-type.application";
		};
		52AEEF521FC86E5E00C77C9F /* cours_13Tests */ = {
			isa = PBXNativeTarget;
			buildConfigurationList = 52AEEF6A1FC86E5E00C77C9F /* Build configuration list for PBXNativeTarget "cours_13Tests" */;
			buildPhases = (
				52AEEF4F1FC86E5E00C77C9F /* Sources */,
				52AEEF501FC86E5E00C77C9F /* Frameworks */,
				52AEEF511FC86E5E00C77C9F /* Resources */,
			);
			buildRules = (
			);
			dependencies = (
				52AEEF551FC86E5E00C77C9F /* PBXTargetDependency */,
			);
			name = cours_13Tests;
			productName = cours_13Tests;
			productReference = 52AEEF531FC86E5E00C77C9F /* cours_13Tests.xctest */;
			productType = "com.apple.product-type.bundle.unit-test";
		};
		52AEEF5D1FC86E5E00C77C9F /* cours_13UITests */ = {
			isa = PBXNativeTarget;
			buildConfigurationList = 52AEEF6D1FC86E5E00C77C9F /* Build configuration list for PBXNativeTarget "cours_13UITests" */;
			buildPhases = (
				52AEEF5A1FC86E5E00C77C9F /* Sources */,
				52AEEF5B1FC86E5E00C77C9F /* Frameworks */,
				52AEEF5C1FC86E5E00C77C9F /* Resources */,
			);
			buildRules = (
			);
			dependencies = (
				52AEEF601FC86E5E00C77C9F /* PBXTargetDependency */,
			);
			name = cours_13UITests;
			productName = cours_13UITests;
			productReference = 52AEEF5E1FC86E5E00C77C9F /* cours_13UITests.xctest */;
			productType = "com.apple.product-type.bundle.ui-testing";
		};
/* End PBXNativeTarget section */

/* Begin PBXProject section */
		52AEEF371FC86E5E00C77C9F /* Project object */ = {
			isa = PBXProject;
			attributes = {
				LastSwiftUpdateCheck = 0910;
				LastUpgradeCheck = 0910;
				ORGANIZATIONNAME = "João Carlos Fernandes Neto";
				TargetAttributes = {
					52AEEF3E1FC86E5E00C77C9F = {
						CreatedOnToolsVersion = 9.1;
						ProvisioningStyle = Automatic;
					};
					52AEEF521FC86E5E00C77C9F = {
						CreatedOnToolsVersion = 9.1;
						ProvisioningStyle = Automatic;
						TestTargetID = 52AEEF3E1FC86E5E00C77C9F;
					};
					52AEEF5D1FC86E5E00C77C9F = {
						CreatedOnToolsVersion = 9.1;
						ProvisioningStyle = Automatic;
						TestTargetID = 52AEEF3E1FC86E5E00C77C9F;
					};
				};
			};
			buildConfigurationList = 52AEEF3A1FC86E5E00C77C9F /* Build configuration list for PBXProject "Evaluation+" */;
			compatibilityVersion = "Xcode 8.0";
			developmentRegion = en;
			hasScannedForEncodings = 0;
			knownRegions = (
				en,
				Base,
			);
			mainGroup = 52AEEF361FC86E5E00C77C9F;
			productRefGroup = 52AEEF401FC86E5E00C77C9F /* Products */;
			projectDirPath = "";
			projectRoot = "";
			targets = (
				52AEEF3E1FC86E5E00C77C9F /* cours_13 */,
				52AEEF521FC86E5E00C77C9F /* cours_13Tests */,
				52AEEF5D1FC86E5E00C77C9F /* cours_13UITests */,
			);
		};
/* End PBXProject section */

/* Begin PBXResourcesBuildPhase section */
		52AEEF3D1FC86E5E00C77C9F /* Resources */ = {
			isa = PBXResourcesBuildPhase;
			buildActionMask = 2147483647;
			files = (
				65EB140D1FCF1E77001E8F2C /* jaune vide.png in Resources */,
				65909E371FCEFC2800D1D3EC /* NOM.png in Resources */,
				65FEEA6E1FCF9D530051C71B /* Icon-128.png in Resources */,
				65FEEA611FCF9D530051C71B /* Icon-60.png in Resources */,
				52AEEF4D1FC86E5E00C77C9F /* LaunchScreen.storyboard in Resources */,
				65FEEA631FCF9D530051C71B /* Icon-55.png in Resources */,
				65FEEA5A1FCF9D530051C71B /* Icon-167.png in Resources */,
				65FEEA751FCF9D530051C71B /* Icon-29.png in Resources */,
				65EB140A1FCF18BA001E8F2C /* Champagne & Limousines.ttf in Resources */,
				65FEEA6A1FCF9D530051C71B /* Icon-196.png in Resources */,
				65FEEA711FCF9D530051C71B /* Icon-32.png in Resources */,
				65FEEA591FCF9D530051C71B /* Icon-88.png in Resources */,
				65FEEA5D1FCF9D530051C71B /* Icon-64.png in Resources */,
				65FEEA721FCF9D530051C71B /* Icon-40.png in Resources */,
				65FEEA5F1FCF9D530051C71B /* Icon-1024.png in Resources */,
				65909E341FCEFC2800D1D3EC /* LOGOCONCORDIA.png in Resources */,
				65EB14091FCF18BA001E8F2C /* Champagne & Limousines Italic.ttf in Resources */,
				65FEEA681FCF9D530051C71B /* Icon-58.png in Resources */,
				65909E361FCEFC2800D1D3EC /* Add Course and Grande.png in Resources */,
				65FEEA671FCF9D530051C71B /* Icon-512.png in Resources */,
				65FEEA701FCF9D530051C71B /* Icon-16.png in Resources */,
				65FEEA731FCF9D530051C71B /* Icon-48.png in Resources */,
				65FEEA741FCF9D530051C71B /* Icon-72.png in Resources */,
				65FEEA691FCF9D530051C71B /* Icon-172.png in Resources */,
				52AEEF4A1FC86E5E00C77C9F /* Assets.xcassets in Resources */,
				65FEEA621FCF9D530051C71B /* Icon-256.png in Resources */,
				65FEEA5E1FCF9D530051C71B /* Icon-57.png in Resources */,
				65FEEA661FCF9D530051C71B /* Icon-120.png in Resources */,
				65FEEA6C1FCF9D530051C71B /* Icon-80.png in Resources */,
				65909E331FCEFC2800D1D3EC /* Add Student.png in Resources */,
				65FEEA5C1FCF9D530051C71B /* Icon-180.png in Resources */,
				65FEEA5B1FCF9D530051C71B /* Icon-50.png in Resources */,
				65EB140E1FCF1E77001E8F2C /* vide Rouge.png in Resources */,
				65909E321FCEFC2800D1D3EC /* Affichage.png in Resources */,
				65909E351FCEFC2800D1D3EC /* Retour.png in Resources */,
				65FEEA651FCF9D530051C71B /* Icon-20.png in Resources */,
				65FEEA6F1FCF9D530051C71B /* Icon-144.png in Resources */,
				52AEEF481FC86E5E00C77C9F /* Main.storyboard in Resources */,
				65FEEA6B1FCF9D530051C71B /* Icon-76.png in Resources */,
				65FEEA581FCF9D530051C71B /* Icon-100.png in Resources */,
				65FEEA381FCF5E790051C71B /* Evaluation+3.png in Resources */,
				65FEEA641FCF9D530051C71B /* Icon-152.png in Resources */,
				65FEEA601FCF9D530051C71B /* Icon-114.png in Resources */,
				65FEEA6D1FCF9D530051C71B /* Icon-87.png in Resources */,
			);
			runOnlyForDeploymentPostprocessing = 0;
		};
		52AEEF511FC86E5E00C77C9F /* Resources */ = {
			isa = PBXResourcesBuildPhase;
			buildActionMask = 2147483647;
			files = (
			);
			runOnlyForDeploymentPostprocessing = 0;
		};
		52AEEF5C1FC86E5E00C77C9F /* Resources */ = {
			isa = PBXResourcesBuildPhase;
			buildActionMask = 2147483647;
			files = (
			);
			runOnlyForDeploymentPostprocessing = 0;
		};
/* End PBXResourcesBuildPhase section */

/* Begin PBXSourcesBuildPhase section */
		52AEEF3B1FC86E5E00C77C9F /* Sources */ = {
			isa = PBXSourcesBuildPhase;
			buildActionMask = 2147483647;
			files = (
				52AEEF451FC86E5E00C77C9F /* ViewController.swift in Sources */,
				52AEEF431FC86E5E00C77C9F /* AppDelegate.swift in Sources */,
				52AEEF731FC873F000C77C9F /* GrandeController.swift in Sources */,
				52AEEF711FC86F5300C77C9F /* UserDefaultsManager.swift in Sources */,
			);
			runOnlyForDeploymentPostprocessing = 0;
		};
		52AEEF4F1FC86E5E00C77C9F /* Sources */ = {
			isa = PBXSourcesBuildPhase;
			buildActionMask = 2147483647;
			files = (
				52AEEF581FC86E5E00C77C9F /* cours_13Tests.swift in Sources */,
			);
			runOnlyForDeploymentPostprocessing = 0;
		};
		52AEEF5A1FC86E5E00C77C9F /* Sources */ = {
			isa = PBXSourcesBuildPhase;
			buildActionMask = 2147483647;
			files = (
				52AEEF631FC86E5E00C77C9F /* cours_13UITests.swift in Sources */,
			);
			runOnlyForDeploymentPostprocessing = 0;
		};
/* End PBXSourcesBuildPhase section */

/* Begin PBXTargetDependency section */
		52AEEF551FC86E5E00C77C9F /* PBXTargetDependency */ = {
			isa = PBXTargetDependency;
			target = 52AEEF3E1FC86E5E00C77C9F /* cours_13 */;
			targetProxy = 52AEEF541FC86E5E00C77C9F /* PBXContainerItemProxy */;
		};
		52AEEF601FC86E5E00C77C9F /* PBXTargetDependency */ = {
			isa = PBXTargetDependency;
			target = 52AEEF3E1FC86E5E00C77C9F /* cours_13 */;
			targetProxy = 52AEEF5F1FC86E5E00C77C9F /* PBXContainerItemProxy */;
		};
/* End PBXTargetDependency section */

/* Begin PBXVariantGroup section */
		52AEEF461FC86E5E00C77C9F /* Main.storyboard */ = {
			isa = PBXVariantGroup;
			children = (
				52AEEF471FC86E5E00C77C9F /* Base */,
			);
			name = Main.storyboard;
			sourceTree = "<group>";
		};
		52AEEF4B1FC86E5E00C77C9F /* LaunchScreen.storyboard */ = {
			isa = PBXVariantGroup;
			children = (
				52AEEF4C1FC86E5E00C77C9F /* Base */,
			);
			name = LaunchScreen.storyboard;
			sourceTree = "<group>";
		};
/* End PBXVariantGroup section */

/* Begin XCBuildConfiguration section */
		52AEEF651FC86E5E00C77C9F /* Debug */ = {
			isa = XCBuildConfiguration;
			buildSettings = {
				ALWAYS_SEARCH_USER_PATHS = NO;
				CLANG_ANALYZER_NONNULL = YES;
				CLANG_ANALYZER_NUMBER_OBJECT_CONVERSION = YES_AGGRESSIVE;
				CLANG_CXX_LANGUAGE_STANDARD = "gnu++14";
				CLANG_CXX_LIBRARY = "libc++";
				CLANG_ENABLE_MODULES = YES;
				CLANG_ENABLE_OBJC_ARC = YES;
				CLANG_WARN_BLOCK_CAPTURE_AUTORELEASING = YES;
				CLANG_WARN_BOOL_CONVERSION = YES;
				CLANG_WARN_COMMA = YES;
				CLANG_WARN_CONSTANT_CONVERSION = YES;
				CLANG_WARN_DIRECT_OBJC_ISA_USAGE = YES_ERROR;
				CLANG_WARN_DOCUMENTATION_COMMENTS = YES;
				CLANG_WARN_EMPTY_BODY = YES;
				CLANG_WARN_ENUM_CONVERSION = YES;
				CLANG_WARN_INFINITE_RECURSION = YES;
				CLANG_WARN_INT_CONVERSION = YES;
				CLANG_WARN_NON_LITERAL_NULL_CONVERSION = YES;
				CLANG_WARN_OBJC_LITERAL_CONVERSION = YES;
				CLANG_WARN_OBJC_ROOT_CLASS = YES_ERROR;
				CLANG_WARN_RANGE_LOOP_ANALYSIS = YES;
				CLANG_WARN_STRICT_PROTOTYPES = YES;
				CLANG_WARN_SUSPICIOUS_MOVE = YES;
				CLANG_WARN_UNGUARDED_AVAILABILITY = YES_AGGRESSIVE;
				CLANG_WARN_UNREACHABLE_CODE = YES;
				CLANG_WARN__DUPLICATE_METHOD_MATCH = YES;
				CODE_SIGN_IDENTITY = "iPhone Developer";
				COPY_PHASE_STRIP = NO;
				DEBUG_INFORMATION_FORMAT = dwarf;
				ENABLE_STRICT_OBJC_MSGSEND = YES;
				ENABLE_TESTABILITY = YES;
				GCC_C_LANGUAGE_STANDARD = gnu11;
				GCC_DYNAMIC_NO_PIC = NO;
				GCC_NO_COMMON_BLOCKS = YES;
				GCC_OPTIMIZATION_LEVEL = 0;
				GCC_PREPROCESSOR_DEFINITIONS = (
					"DEBUG=1",
					"$(inherited)",
				);
				GCC_WARN_64_TO_32_BIT_CONVERSION = YES;
				GCC_WARN_ABOUT_RETURN_TYPE = YES_ERROR;
				GCC_WARN_UNDECLARED_SELECTOR = YES;
				GCC_WARN_UNINITIALIZED_AUTOS = YES_AGGRESSIVE;
				GCC_WARN_UNUSED_FUNCTION = YES;
				GCC_WARN_UNUSED_VARIABLE = YES;
				IPHONEOS_DEPLOYMENT_TARGET = 11.1;
				MTL_ENABLE_DEBUG_INFO = YES;
				ONLY_ACTIVE_ARCH = YES;
				SDKROOT = iphoneos;
				SWIFT_ACTIVE_COMPILATION_CONDITIONS = DEBUG;
				SWIFT_OPTIMIZATION_LEVEL = "-Onone";
			};
			name = Debug;
		};
		52AEEF661FC86E5E00C77C9F /* Release */ = {
			isa = XCBuildConfiguration;
			buildSettings = {
				ALWAYS_SEARCH_USER_PATHS = NO;
				CLANG_ANALYZER_NONNULL = YES;
				CLANG_ANALYZER_NUMBER_OBJECT_CONVERSION = YES_AGGRESSIVE;
				CLANG_CXX_LANGUAGE_STANDARD = "gnu++14";
				CLANG_CXX_LIBRARY = "libc++";
				CLANG_ENABLE_MODULES = YES;
				CLANG_ENABLE_OBJC_ARC = YES;
				CLANG_WARN_BLOCK_CAPTURE_AUTORELEASING = YES;
				CLANG_WARN_BOOL_CONVERSION = YES;
				CLANG_WARN_COMMA = YES;
				CLANG_WARN_CONSTANT_CONVERSION = YES;
				CLANG_WARN_DIRECT_OBJC_ISA_USAGE = YES_ERROR;
				CLANG_WARN_DOCUMENTATION_COMMENTS = YES;
				CLANG_WARN_EMPTY_BODY = YES;
				CLANG_WARN_ENUM_CONVERSION = YES;
				CLANG_WARN_INFINITE_RECURSION = YES;
				CLANG_WARN_INT_CONVERSION = YES;
				CLANG_WARN_NON_LITERAL_NULL_CONVERSION = YES;
				CLANG_WARN_OBJC_LITERAL_CONVERSION = YES;
				CLANG_WARN_OBJC_ROOT_CLASS = YES_ERROR;
				CLANG_WARN_RANGE_LOOP_ANALYSIS = YES;
				CLANG_WARN_STRICT_PROTOTYPES = YES;
				CLANG_WARN_SUSPICIOUS_MOVE = YES;
				CLANG_WARN_UNGUARDED_AVAILABILITY = YES_AGGRESSIVE;
				CLANG_WARN_UNREACHABLE_CODE = YES;
				CLANG_WARN__DUPLICATE_METHOD_MATCH = YES;
				CODE_SIGN_IDENTITY = "iPhone Developer";
				COPY_PHASE_STRIP = NO;
				DEBUG_INFORMATION_FORMAT = "dwarf-with-dsym";
				ENABLE_NS_ASSERTIONS = NO;
				ENABLE_STRICT_OBJC_MSGSEND = YES;
				GCC_C_LANGUAGE_STANDARD = gnu11;
				GCC_NO_COMMON_BLOCKS = YES;
				GCC_WARN_64_TO_32_BIT_CONVERSION = YES;
				GCC_WARN_ABOUT_RETURN_TYPE = YES_ERROR;
				GCC_WARN_UNDECLARED_SELECTOR = YES;
				GCC_WARN_UNINITIALIZED_AUTOS = YES_AGGRESSIVE;
				GCC_WARN_UNUSED_FUNCTION = YES;
				GCC_WARN_UNUSED_VARIABLE = YES;
				IPHONEOS_DEPLOYMENT_TARGET = 11.1;
				MTL_ENABLE_DEBUG_INFO = NO;
				SDKROOT = iphoneos;
				SWIFT_OPTIMIZATION_LEVEL = "-Owholemodule";
				VALIDATE_PRODUCT = YES;
			};
			name = Release;
		};
		52AEEF681FC86E5E00C77C9F /* Debug */ = {
			isa = XCBuildConfiguration;
			buildSettings = {
				ASSETCATALOG_COMPILER_APPICON_NAME = AppIcon;
				CODE_SIGN_STYLE = Automatic;
				INFOPLIST_FILE = cours_13/Info.plist;
				IPHONEOS_DEPLOYMENT_TARGET = 11.0;
				LD_RUNPATH_SEARCH_PATHS = "$(inherited) @executable_path/Frameworks";
				PRODUCT_BUNDLE_IDENTIFIER = "Nidhal.com.cours-13";
				PRODUCT_NAME = "$(TARGET_NAME)";
				SWIFT_VERSION = 4.0;
				TARGETED_DEVICE_FAMILY = "1,2";
			};
			name = Debug;
		};
		52AEEF691FC86E5E00C77C9F /* Release */ = {
			isa = XCBuildConfiguration;
			buildSettings = {
				ASSETCATALOG_COMPILER_APPICON_NAME = AppIcon;
				CODE_SIGN_STYLE = Automatic;
				INFOPLIST_FILE = cours_13/Info.plist;
				IPHONEOS_DEPLOYMENT_TARGET = 11.0;
				LD_RUNPATH_SEARCH_PATHS = "$(inherited) @executable_path/Frameworks";
				PRODUCT_BUNDLE_IDENTIFIER = "Nidhal.com.cours-13";
				PRODUCT_NAME = "$(TARGET_NAME)";
				SWIFT_VERSION = 4.0;
				TARGETED_DEVICE_FAMILY = "1,2";
			};
			name = Release;
		};
		52AEEF6B1FC86E5E00C77C9F /* Debug */ = {
			isa = XCBuildConfiguration;
			buildSettings = {
				ALWAYS_EMBED_SWIFT_STANDARD_LIBRARIES = YES;
				BUNDLE_LOADER = "$(TEST_HOST)";
				CODE_SIGN_STYLE = Automatic;
				INFOPLIST_FILE = cours_13Tests/Info.plist;
				IPHONEOS_DEPLOYMENT_TARGET = 11.0;
				LD_RUNPATH_SEARCH_PATHS = "$(inherited) @executable_path/Frameworks @loader_path/Frameworks";
				PRODUCT_BUNDLE_IDENTIFIER = "jcneto.com.cours-13Tests";
				PRODUCT_NAME = "$(TARGET_NAME)";
				SWIFT_VERSION = 4.0;
				TARGETED_DEVICE_FAMILY = "1,2";
				TEST_HOST = "$(BUILT_PRODUCTS_DIR)/cours_13.app/cours_13";
			};
			name = Debug;
		};
		52AEEF6C1FC86E5E00C77C9F /* Release */ = {
			isa = XCBuildConfiguration;
			buildSettings = {
				ALWAYS_EMBED_SWIFT_STANDARD_LIBRARIES = YES;
				BUNDLE_LOADER = "$(TEST_HOST)";
				CODE_SIGN_STYLE = Automatic;
				INFOPLIST_FILE = cours_13Tests/Info.plist;
				IPHONEOS_DEPLOYMENT_TARGET = 11.0;
				LD_RUNPATH_SEARCH_PATHS = "$(inherited) @executable_path/Frameworks @loader_path/Frameworks";
				PRODUCT_BUNDLE_IDENTIFIER = "jcneto.com.cours-13Tests";
				PRODUCT_NAME = "$(TARGET_NAME)";
				SWIFT_VERSION = 4.0;
				TARGETED_DEVICE_FAMILY = "1,2";
				TEST_HOST = "$(BUILT_PRODUCTS_DIR)/cours_13.app/cours_13";
			};
			name = Release;
		};
		52AEEF6E1FC86E5E00C77C9F /* Debug */ = {
			isa = XCBuildConfiguration;
			buildSettings = {
				ALWAYS_EMBED_SWIFT_STANDARD_LIBRARIES = YES;
				CODE_SIGN_STYLE = Automatic;
				INFOPLIST_FILE = cours_13UITests/Info.plist;
				IPHONEOS_DEPLOYMENT_TARGET = 11.0;
				LD_RUNPATH_SEARCH_PATHS = "$(inherited) @executable_path/Frameworks @loader_path/Frameworks";
				PRODUCT_BUNDLE_IDENTIFIER = "jcneto.com.cours-13UITests";
				PRODUCT_NAME = "$(TARGET_NAME)";
				SWIFT_VERSION = 4.0;
				TARGETED_DEVICE_FAMILY = "1,2";
				TEST_TARGET_NAME = cours_13;
			};
			name = Debug;
		};
		52AEEF6F1FC86E5E00C77C9F /* Release */ = {
			isa = XCBuildConfiguration;
			buildSettings = {
				ALWAYS_EMBED_SWIFT_STANDARD_LIBRARIES = YES;
				CODE_SIGN_STYLE = Automatic;
				INFOPLIST_FILE = cours_13UITests/Info.plist;
				IPHONEOS_DEPLOYMENT_TARGET = 11.0;
				LD_RUNPATH_SEARCH_PATHS = "$(inherited) @executable_path/Frameworks @loader_path/Frameworks";
				PRODUCT_BUNDLE_IDENTIFIER = "jcneto.com.cours-13UITests";
				PRODUCT_NAME = "$(TARGET_NAME)";
				SWIFT_VERSION = 4.0;
				TARGETED_DEVICE_FAMILY = "1,2";
				TEST_TARGET_NAME = cours_13;
			};
			name = Release;
		};
/* End XCBuildConfiguration section */

/* Begin XCConfigurationList section */
		52AEEF3A1FC86E5E00C77C9F /* Build configuration list for PBXProject "Evaluation+" */ = {
			isa = XCConfigurationList;
			buildConfigurations = (
				52AEEF651FC86E5E00C77C9F /* Debug */,
				52AEEF661FC86E5E00C77C9F /* Release */,
			);
			defaultConfigurationIsVisible = 0;
			defaultConfigurationName = Release;
		};
		52AEEF671FC86E5E00C77C9F /* Build configuration list for PBXNativeTarget "cours_13" */ = {
			isa = XCConfigurationList;
			buildConfigurations = (
				52AEEF681FC86E5E00C77C9F /* Debug */,
				52AEEF691FC86E5E00C77C9F /* Release */,
			);
			defaultConfigurationIsVisible = 0;
			defaultConfigurationName = Release;
		};
		52AEEF6A1FC86E5E00C77C9F /* Build configuration list for PBXNativeTarget "cours_13Tests" */ = {
			isa = XCConfigurationList;
			buildConfigurations = (
				52AEEF6B1FC86E5E00C77C9F /* Debug */,
				52AEEF6C1FC86E5E00C77C9F /* Release */,
			);
			defaultConfigurationIsVisible = 0;
			defaultConfigurationName = Release;
		};
		52AEEF6D1FC86E5E00C77C9F /* Build configuration list for PBXNativeTarget "cours_13UITests" */ = {
			isa = XCConfigurationList;
			buildConfigurations = (
				52AEEF6E1FC86E5E00C77C9F /* Debug */,
				52AEEF6F1FC86E5E00C77C9F /* Release */,
			);
			defaultConfigurationIsVisible = 0;
			defaultConfigurationName = Release;
		};
/* End XCConfigurationList section */
	};
	rootObject = 52AEEF371FC86E5E00C77C9F /* Project object */;
}
